
Microsoft Visual Studio Solution File, Format Version 12.00
# Visual Studio 15
VisualStudioVersion = 15.0.28307.329
MinimumVisualStudioVersion = 10.0.40219.1
Project("{FAE04EC0-301F-11D3-BF4B-00C04F79EFBC}") = "OpenWeatherService", "OpenWeatherService\OpenWeatherService.csproj", "{DB9A3731-F7D7-4072-8F73-710B9B2D85CD}"
EndProject
Project("{FAE04EC0-301F-11D3-BF4B-00C04F79EFBC}") = "OpenWeatherService.Libs", "OpenWeatherService.Libs\OpenWeatherService.Libs.csproj", "{AAB76F4C-2167-4D21-8283-4AFFD039EB66}"
EndProject
Global
	GlobalSection(SolutionConfigurationPlatforms) = preSolution
		Debug|Any CPU = Debug|Any CPU
		Release|Any CPU = Release|Any CPU
	EndGlobalSection
	GlobalSection(ProjectConfigurationPlatforms) = postSolution
		{DB9A3731-F7D7-4072-8F73-710B9B2D85CD}.Debug|Any CPU.ActiveCfg = Debug|Any CPU
		{DB9A3731-F7D7-4072-8F73-710B9B2D85CD}.Debug|Any CPU.Build.0 = Debug|Any CPU
		{DB9A3731-F7D7-4072-8F73-710B9B2D85CD}.Release|Any CPU.ActiveCfg = Release|Any CPU
		{DB9A3731-F7D7-4072-8F73-710B9B2D85CD}.Release|Any CPU.Build.0 = Release|Any CPU
		{AAB76F4C-2167-4D21-8283-4AFFD039EB66}.Debug|Any CPU.ActiveCfg = Debug|Any CPU
		{AAB76F4C-2167-4D21-8283-4AFFD039EB66}.Debug|Any CPU.Build.0 = Debug|Any CPU
		{AAB76F4C-2167-4D21-8283-4AFFD039EB66}.Release|Any CPU.ActiveCfg = Release|Any CPU
		{AAB76F4C-2167-4D21-8283-4AFFD039EB66}.Release|Any CPU.Build.0 = Release|Any CPU
	EndGlobalSection
	GlobalSection(SolutionProperties) = preSolution
		HideSolutionNode = FALSE
	EndGlobalSection
	GlobalSection(ExtensibilityGlobals) = postSolution
		SolutionGuid = {07F3AF5F-1F2D-47D2-8E68-58620EEB1FA1}
	EndGlobalSection
EndGlobal
